// !$*UTF8*$!
{
	archiveVersion = 1;
	classes = {
	};
	objectVersion = 56;
	objects = {

/* Begin PBXBuildFile section */
		692E0E102B2F552100EB65AD /* NearWondersApp.swift in Sources */ = {isa = PBXBuildFile; fileRef = 692E0E0F2B2F552100EB65AD /* NearWondersApp.swift */; };
		692E0E122B2F552100EB65AD /* ContentView.swift in Sources */ = {isa = PBXBuildFile; fileRef = 692E0E112B2F552100EB65AD /* ContentView.swift */; };
		692E0E142B2F552200EB65AD /* Assets.xcassets in Resources */ = {isa = PBXBuildFile; fileRef = 692E0E132B2F552200EB65AD /* Assets.xcassets */; };
		692E0E182B2F552200EB65AD /* Preview Assets.xcassets in Resources */ = {isa = PBXBuildFile; fileRef = 692E0E172B2F552200EB65AD /* Preview Assets.xcassets */; };
		692E0E222B2F552200EB65AD /* NearWondersTests.swift in Sources */ = {isa = PBXBuildFile; fileRef = 692E0E212B2F552200EB65AD /* NearWondersTests.swift */; };
		692E0E2C2B2F552200EB65AD /* NearWondersUITests.swift in Sources */ = {isa = PBXBuildFile; fileRef = 692E0E2B2B2F552200EB65AD /* NearWondersUITests.swift */; };
		692E0E2E2B2F552200EB65AD /* NearWondersUITestsLaunchTests.swift in Sources */ = {isa = PBXBuildFile; fileRef = 692E0E2D2B2F552200EB65AD /* NearWondersUITestsLaunchTests.swift */; };
		692E0E3B2B2F556B00EB65AD /* User.swift in Sources */ = {isa = PBXBuildFile; fileRef = 692E0E3A2B2F556B00EB65AD /* User.swift */; };
/* End PBXBuildFile section */

/* Begin PBXContainerItemProxy section */
		692E0E1E2B2F552200EB65AD /* PBXContainerItemProxy */ = {
			isa = PBXContainerItemProxy;
			containerPortal = 692E0E042B2F552100EB65AD /* Project object */;
			proxyType = 1;
			remoteGlobalIDString = 692E0E0B2B2F552100EB65AD;
			remoteInfo = NearWonders;
		};
		692E0E282B2F552200EB65AD /* PBXContainerItemProxy */ = {
			isa = PBXContainerItemProxy;
			containerPortal = 692E0E042B2F552100EB65AD /* Project object */;
			proxyType = 1;
			remoteGlobalIDString = 692E0E0B2B2F552100EB65AD;
			remoteInfo = NearWonders;
		};
/* End PBXContainerItemProxy section */

/* Begin PBXFileReference section */
		692E0E0C2B2F552100EB65AD /* NearWonders.app */ = {isa = PBXFileReference; explicitFileType = wrapper.application; includeInIndex = 0; path = NearWonders.app; sourceTree = BUILT_PRODUCTS_DIR; };
		692E0E0F2B2F552100EB65AD /* NearWondersApp.swift */ = {isa = PBXFileReference; lastKnownFileType = sourcecode.swift; path = NearWondersApp.swift; sourceTree = "<group>"; };
		692E0E112B2F552100EB65AD /* ContentView.swift */ = {isa = PBXFileReference; lastKnownFileType = sourcecode.swift; path = ContentView.swift; sourceTree = "<group>"; };
		692E0E132B2F552200EB65AD /* Assets.xcassets */ = {isa = PBXFileReference; lastKnownFileType = folder.assetcatalog; path = Assets.xcassets; sourceTree = "<group>"; };
		692E0E152B2F552200EB65AD /* NearWonders.entitlements */ = {isa = PBXFileReference; lastKnownFileType = text.plist.entitlements; path = NearWonders.entitlements; sourceTree = "<group>"; };
		692E0E172B2F552200EB65AD /* Preview Assets.xcassets */ = {isa = PBXFileReference; lastKnownFileType = folder.assetcatalog; path = "Preview Assets.xcassets"; sourceTree = "<group>"; };
		692E0E1D2B2F552200EB65AD /* NearWondersTests.xctest */ = {isa = PBXFileReference; explicitFileType = wrapper.cfbundle; includeInIndex = 0; path = NearWondersTests.xctest; sourceTree = BUILT_PRODUCTS_DIR; };
		692E0E212B2F552200EB65AD /* NearWondersTests.swift */ = {isa = PBXFileReference; lastKnownFileType = sourcecode.swift; path = NearWondersTests.swift; sourceTree = "<group>"; };
		692E0E272B2F552200EB65AD /* NearWondersUITests.xctest */ = {isa = PBXFileReference; explicitFileType = wrapper.cfbundle; includeInIndex = 0; path = NearWondersUITests.xctest; sourceTree = BUILT_PRODUCTS_DIR; };
		692E0E2B2B2F552200EB65AD /* NearWondersUITests.swift */ = {isa = PBXFileReference; lastKnownFileType = sourcecode.swift; path = NearWondersUITests.swift; sourceTree = "<group>"; };
		692E0E2D2B2F552200EB65AD /* NearWondersUITestsLaunchTests.swift */ = {isa = PBXFileReference; lastKnownFileType = sourcecode.swift; path = NearWondersUITestsLaunchTests.swift; sourceTree = "<group>"; };
		692E0E3A2B2F556B00EB65AD /* User.swift */ = {isa = PBXFileReference; lastKnownFileType = sourcecode.swift; name = User.swift; path = Models/User.swift; sourceTree = "<group>"; };
/* End PBXFileReference section */

/* Begin PBXFrameworksBuildPhase section */
		692E0E092B2F552100EB65AD /* Frameworks */ = {
			isa = PBXFrameworksBuildPhase;
			buildActionMask = 2147483647;
			files = (
			);
			runOnlyForDeploymentPostprocessing = 0;
		};
		692E0E1A2B2F552200EB65AD /* Frameworks */ = {
			isa = PBXFrameworksBuildPhase;
			buildActionMask = 2147483647;
			files = (
			);
			runOnlyForDeploymentPostprocessing = 0;
		};
		692E0E242B2F552200EB65AD /* Frameworks */ = {
			isa = PBXFrameworksBuildPhase;
			buildActionMask = 2147483647;
			files = (
			);
			runOnlyForDeploymentPostprocessing = 0;
		};
/* End PBXFrameworksBuildPhase section */

/* Begin PBXGroup section */
		692E0E032B2F552100EB65AD = {
			isa = PBXGroup;
			children = (
				692E0E0E2B2F552100EB65AD /* NearWonders */,
				692E0E202B2F552200EB65AD /* NearWondersTests */,
				692E0E2A2B2F552200EB65AD /* NearWondersUITests */,
				692E0E0D2B2F552100EB65AD /* Products */,
			);
			sourceTree = "<group>";
		};
		692E0E0D2B2F552100EB65AD /* Products */ = {
			isa = PBXGroup;
			children = (
				692E0E0C2B2F552100EB65AD /* NearWonders.app */,
				692E0E1D2B2F552200EB65AD /* NearWondersTests.xctest */,
				692E0E272B2F552200EB65AD /* NearWondersUITests.xctest */,
			);
			name = Products;
			sourceTree = "<group>";
		};
		692E0E0E2B2F552100EB65AD /* NearWonders */ = {
			isa = PBXGroup;
			children = (
				692E0E0F2B2F552100EB65AD /* NearWondersApp.swift */,
				692E0E112B2F552100EB65AD /* ContentView.swift */,
				692E0E132B2F552200EB65AD /* Assets.xcassets */,
				692E0E152B2F552200EB65AD /* NearWonders.entitlements */,
				692E0E162B2F552200EB65AD /* Preview Content */,
				692E0E3A2B2F556B00EB65AD /* User.swift */,
			);
			path = NearWonders;
			sourceTree = "<group>";
		};
		692E0E162B2F552200EB65AD /* Preview Content */ = {
			isa = PBXGroup;
			children = (
				692E0E172B2F552200EB65AD /* Preview Assets.xcassets */,
			);
			path = "Preview Content";
			sourceTree = "<group>";
		};
		692E0E202B2F552200EB65AD /* NearWondersTests */ = {
			isa = PBXGroup;
			children = (
				692E0E212B2F552200EB65AD /* NearWondersTests.swift */,
			);
			path = NearWondersTests;
			sourceTree = "<group>";
		};
		692E0E2A2B2F552200EB65AD /* NearWondersUITests */ = {
			isa = PBXGroup;
			children = (
				692E0E2B2B2F552200EB65AD /* NearWondersUITests.swift */,
				692E0E2D2B2F552200EB65AD /* NearWondersUITestsLaunchTests.swift */,
			);
			path = NearWondersUITests;
			sourceTree = "<group>";
		};
/* End PBXGroup section */

/* Begin PBXNativeTarget section */
		692E0E0B2B2F552100EB65AD /* NearWonders */ = {
			isa = PBXNativeTarget;
			buildConfigurationList = 692E0E312B2F552200EB65AD /* Build configuration list for PBXNativeTarget "NearWonders" */;
			buildPhases = (
				692E0E082B2F552100EB65AD /* Sources */,
				692E0E092B2F552100EB65AD /* Frameworks */,
				692E0E0A2B2F552100EB65AD /* Resources */,
			);
			buildRules = (
			);
			dependencies = (
			);
			name = NearWonders;
			productName = NearWonders;
			productReference = 692E0E0C2B2F552100EB65AD /* NearWonders.app */;
			productType = "com.apple.product-type.application";
		};
		692E0E1C2B2F552200EB65AD /* NearWondersTests */ = {
			isa = PBXNativeTarget;
			buildConfigurationList = 692E0E342B2F552200EB65AD /* Build configuration list for PBXNativeTarget "NearWondersTests" */;
			buildPhases = (
				692E0E192B2F552200EB65AD /* Sources */,
				692E0E1A2B2F552200EB65AD /* Frameworks */,
				692E0E1B2B2F552200EB65AD /* Resources */,
			);
			buildRules = (
			);
			dependencies = (
				692E0E1F2B2F552200EB65AD /* PBXTargetDependency */,
			);
			name = NearWondersTests;
			productName = NearWondersTests;
			productReference = 692E0E1D2B2F552200EB65AD /* NearWondersTests.xctest */;
			productType = "com.apple.product-type.bundle.unit-test";
		};
		692E0E262B2F552200EB65AD /* NearWondersUITests */ = {
			isa = PBXNativeTarget;
			buildConfigurationList = 692E0E372B2F552200EB65AD /* Build configuration list for PBXNativeTarget "NearWondersUITests" */;
			buildPhases = (
				692E0E232B2F552200EB65AD /* Sources */,
				692E0E242B2F552200EB65AD /* Frameworks */,
				692E0E252B2F552200EB65AD /* Resources */,
			);
			buildRules = (
			);
			dependencies = (
				692E0E292B2F552200EB65AD /* PBXTargetDependency */,
			);
			name = NearWondersUITests;
			productName = NearWondersUITests;
			productReference = 692E0E272B2F552200EB65AD /* NearWondersUITests.xctest */;
			productType = "com.apple.product-type.bundle.ui-testing";
		};
/* End PBXNativeTarget section */

/* Begin PBXProject section */
		692E0E042B2F552100EB65AD /* Project object */ = {
			isa = PBXProject;
			attributes = {
				BuildIndependentTargetsInParallel = 1;
				LastSwiftUpdateCheck = 1510;
				LastUpgradeCheck = 1510;
				TargetAttributes = {
					692E0E0B2B2F552100EB65AD = {
						CreatedOnToolsVersion = 15.1;
					};
					692E0E1C2B2F552200EB65AD = {
						CreatedOnToolsVersion = 15.1;
						TestTargetID = 692E0E0B2B2F552100EB65AD;
					};
					692E0E262B2F552200EB65AD = {
						CreatedOnToolsVersion = 15.1;
						TestTargetID = 692E0E0B2B2F552100EB65AD;
					};
				};
			};
			buildConfigurationList = 692E0E072B2F552100EB65AD /* Build configuration list for PBXProject "NearWonders" */;
			compatibilityVersion = "Xcode 14.0";
			developmentRegion = en;
			hasScannedForEncodings = 0;
			knownRegions = (
				en,
				Base,
			);
			mainGroup = 692E0E032B2F552100EB65AD;
			productRefGroup = 692E0E0D2B2F552100EB65AD /* Products */;
			projectDirPath = "";
			projectRoot = "";
			targets = (
				692E0E0B2B2F552100EB65AD /* NearWonders */,
				692E0E1C2B2F552200EB65AD /* NearWondersTests */,
				692E0E262B2F552200EB65AD /* NearWondersUITests */,
			);
		};
/* End PBXProject section */

/* Begin PBXResourcesBuildPhase section */
		692E0E0A2B2F552100EB65AD /* Resources */ = {
			isa = PBXResourcesBuildPhase;
			buildActionMask = 2147483647;
			files = (
				692E0E182B2F552200EB65AD /* Preview Assets.xcassets in Resources */,
				692E0E142B2F552200EB65AD /* Assets.xcassets in Resources */,
			);
			runOnlyForDeploymentPostprocessing = 0;
		};
		692E0E1B2B2F552200EB65AD /* Resources */ = {
			isa = PBXResourcesBuildPhase;
			buildActionMask = 2147483647;
			files = (
			);
			runOnlyForDeploymentPostprocessing = 0;
		};
		692E0E252B2F552200EB65AD /* Resources */ = {
			isa = PBXResourcesBuildPhase;
			buildActionMask = 2147483647;
			files = (
			);
			runOnlyForDeploymentPostprocessing = 0;
		};
/* End PBXResourcesBuildPhase section */

/* Begin PBXSourcesBuildPhase section */
		692E0E082B2F552100EB65AD /* Sources */ = {
			isa = PBXSourcesBuildPhase;
			buildActionMask = 2147483647;
			files = (
				692E0E122B2F552100EB65AD /* ContentView.swift in Sources */,
				692E0E102B2F552100EB65AD /* NearWondersApp.swift in Sources */,
				692E0E3B2B2F556B00EB65AD /* User.swift in Sources */,
			);
			runOnlyForDeploymentPostprocessing = 0;
		};
		692E0E192B2F552200EB65AD /* Sources */ = {
			isa = PBXSourcesBuildPhase;
			buildActionMask = 2147483647;
			files = (
				692E0E222B2F552200EB65AD /* NearWondersTests.swift in Sources */,
			);
			runOnlyForDeploymentPostprocessing = 0;
		};
		692E0E232B2F552200EB65AD /* Sources */ = {
			isa = PBXSourcesBuildPhase;
			buildActionMask = 2147483647;
			files = (
				692E0E2C2B2F552200EB65AD /* NearWondersUITests.swift in Sources */,
				692E0E2E2B2F552200EB65AD /* NearWondersUITestsLaunchTests.swift in Sources */,
			);
			runOnlyForDeploymentPostprocessing = 0;
		};
/* End PBXSourcesBuildPhase section */

/* Begin PBXTargetDependency section */
		692E0E1F2B2F552200EB65AD /* PBXTargetDependency */ = {
			isa = PBXTargetDependency;
			target = 692E0E0B2B2F552100EB65AD /* NearWonders */;
			targetProxy = 692E0E1E2B2F552200EB65AD /* PBXContainerItemProxy */;
		};
		692E0E292B2F552200EB65AD /* PBXTargetDependency */ = {
			isa = PBXTargetDependency;
			target = 692E0E0B2B2F552100EB65AD /* NearWonders */;
			targetProxy = 692E0E282B2F552200EB65AD /* PBXContainerItemProxy */;
		};
/* End PBXTargetDependency section */

/* Begin XCBuildConfiguration section */
		692E0E2F2B2F552200EB65AD /* Debug */ = {
			isa = XCBuildConfiguration;
			buildSettings = {
				ALWAYS_SEARCH_USER_PATHS = NO;
				ASSETCATALOG_COMPILER_GENERATE_SWIFT_ASSET_SYMBOL_EXTENSIONS = YES;
				CLANG_ANALYZER_NONNULL = YES;
				CLANG_ANALYZER_NUMBER_OBJECT_CONVERSION = YES_AGGRESSIVE;
				CLANG_CXX_LANGUAGE_STANDARD = "gnu++20";
				CLANG_ENABLE_MODULES = YES;
				CLANG_ENABLE_OBJC_ARC = YES;
				CLANG_ENABLE_OBJC_WEAK = YES;
				CLANG_WARN_BLOCK_CAPTURE_AUTORELEASING = YES;
				CLANG_WARN_BOOL_CONVERSION = YES;
				CLANG_WARN_COMMA = YES;
				CLANG_WARN_CONSTANT_CONVERSION = YES;
				CLANG_WARN_DEPRECATED_OBJC_IMPLEMENTATIONS = YES;
				CLANG_WARN_DIRECT_OBJC_ISA_USAGE = YES_ERROR;
				CLANG_WARN_DOCUMENTATION_COMMENTS = YES;
				CLANG_WARN_EMPTY_BODY = YES;
				CLANG_WARN_ENUM_CONVERSION = YES;
				CLANG_WARN_INFINITE_RECURSION = YES;
				CLANG_WARN_INT_CONVERSION = YES;
				CLANG_WARN_NON_LITERAL_NULL_CONVERSION = YES;
				CLANG_WARN_OBJC_IMPLICIT_RETAIN_SELF = YES;
				CLANG_WARN_OBJC_LITERAL_CONVERSION = YES;
				CLANG_WARN_OBJC_ROOT_CLASS = YES_ERROR;
				CLANG_WARN_QUOTED_INCLUDE_IN_FRAMEWORK_HEADER = YES;
				CLANG_WARN_RANGE_LOOP_ANALYSIS = YES;
				CLANG_WARN_STRICT_PROTOTYPES = YES;
				CLANG_WARN_SUSPICIOUS_MOVE = YES;
				CLANG_WARN_UNGUARDED_AVAILABILITY = YES_AGGRESSIVE;
				CLANG_WARN_UNREACHABLE_CODE = YES;
				CLANG_WARN__DUPLICATE_METHOD_MATCH = YES;
				COPY_PHASE_STRIP = NO;
				DEBUG_INFORMATION_FORMAT = dwarf;
				ENABLE_STRICT_OBJC_MSGSEND = YES;
				ENABLE_TESTABILITY = YES;
				ENABLE_USER_SCRIPT_SANDBOXING = YES;
				GCC_C_LANGUAGE_STANDARD = gnu17;
				GCC_DYNAMIC_NO_PIC = NO;
				GCC_NO_COMMON_BLOCKS = YES;
				GCC_OPTIMIZATION_LEVEL = 0;
				GCC_PREPROCESSOR_DEFINITIONS = (
					"DEBUG=1",
					"$(inherited)",
				);
				GCC_WARN_64_TO_32_BIT_CONVERSION = YES;
				GCC_WARN_ABOUT_RETURN_TYPE = YES_ERROR;
				GCC_WARN_UNDECLARED_SELECTOR = YES;
				GCC_WARN_UNINITIALIZED_AUTOS = YES_AGGRESSIVE;
				GCC_WARN_UNUSED_FUNCTION = YES;
				GCC_WARN_UNUSED_VARIABLE = YES;
				LOCALIZATION_PREFERS_STRING_CATALOGS = YES;
				MTL_ENABLE_DEBUG_INFO = INCLUDE_SOURCE;
				MTL_FAST_MATH = YES;
				ONLY_ACTIVE_ARCH = YES;
				SWIFT_ACTIVE_COMPILATION_CONDITIONS = "DEBUG $(inherited)";
				SWIFT_OPTIMIZATION_LEVEL = "-Onone";
			};
			name = Debug;
		};
		692E0E302B2F552200EB65AD /* Release */ = {
			isa = XCBuildConfiguration;
			buildSettings = {
				ALWAYS_SEARCH_USER_PATHS = NO;
				ASSETCATALOG_COMPILER_GENERATE_SWIFT_ASSET_SYMBOL_EXTENSIONS = YES;
				CLANG_ANALYZER_NONNULL = YES;
				CLANG_ANALYZER_NUMBER_OBJECT_CONVERSION = YES_AGGRESSIVE;
				CLANG_CXX_LANGUAGE_STANDARD = "gnu++20";
				CLANG_ENABLE_MODULES = YES;
				CLANG_ENABLE_OBJC_ARC = YES;
				CLANG_ENABLE_OBJC_WEAK = YES;
				CLANG_WARN_BLOCK_CAPTURE_AUTORELEASING = YES;
				CLANG_WARN_BOOL_CONVERSION = YES;
				CLANG_WARN_COMMA = YES;
				CLANG_WARN_CONSTANT_CONVERSION = YES;
				CLANG_WARN_DEPRECATED_OBJC_IMPLEMENTATIONS = YES;
				CLANG_WARN_DIRECT_OBJC_ISA_USAGE = YES_ERROR;
				CLANG_WARN_DOCUMENTATION_COMMENTS = YES;
				CLANG_WARN_EMPTY_BODY = YES;
				CLANG_WARN_ENUM_CONVERSION = YES;
				CLANG_WARN_INFINITE_RECURSION = YES;
				CLANG_WARN_INT_CONVERSION = YES;
				CLANG_WARN_NON_LITERAL_NULL_CONVERSION = YES;
				CLANG_WARN_OBJC_IMPLICIT_RETAIN_SELF = YES;
				CLANG_WARN_OBJC_LITERAL_CONVERSION = YES;
				CLANG_WARN_OBJC_ROOT_CLASS = YES_ERROR;
				CLANG_WARN_QUOTED_INCLUDE_IN_FRAMEWORK_HEADER = YES;
				CLANG_WARN_RANGE_LOOP_ANALYSIS = YES;
				CLANG_WARN_STRICT_PROTOTYPES = YES;
				CLANG_WARN_SUSPICIOUS_MOVE = YES;
				CLANG_WARN_UNGUARDED_AVAILABILITY = YES_AGGRESSIVE;
				CLANG_WARN_UNREACHABLE_CODE = YES;
				CLANG_WARN__DUPLICATE_METHOD_MATCH = YES;
				COPY_PHASE_STRIP = NO;
				DEBUG_INFORMATION_FORMAT = "dwarf-with-dsym";
				ENABLE_NS_ASSERTIONS = NO;
				ENABLE_STRICT_OBJC_MSGSEND = YES;
				ENABLE_USER_SCRIPT_SANDBOXING = YES;
				GCC_C_LANGUAGE_STANDARD = gnu17;
				GCC_NO_COMMON_BLOCKS = YES;
				GCC_WARN_64_TO_32_BIT_CONVERSION = YES;
				GCC_WARN_ABOUT_RETURN_TYPE = YES_ERROR;
				GCC_WARN_UNDECLARED_SELECTOR = YES;
				GCC_WARN_UNINITIALIZED_AUTOS = YES_AGGRESSIVE;
				GCC_WARN_UNUSED_FUNCTION = YES;
				GCC_WARN_UNUSED_VARIABLE = YES;
				LOCALIZATION_PREFERS_STRING_CATALOGS = YES;
				MTL_ENABLE_DEBUG_INFO = NO;
				MTL_FAST_MATH = YES;
				SWIFT_COMPILATION_MODE = wholemodule;
			};
			name = Release;
		};
		692E0E322B2F552200EB65AD /* Debug */ = {
			isa = XCBuildConfiguration;
			buildSettings = {
				ASSETCATALOG_COMPILER_APPICON_NAME = AppIcon;
				ASSETCATALOG_COMPILER_GLOBAL_ACCENT_COLOR_NAME = AccentColor;
				CODE_SIGN_ENTITLEMENTS = NearWonders/NearWonders.entitlements;
				CODE_SIGN_STYLE = Automatic;
				CURRENT_PROJECT_VERSION = 1;
				DEVELOPMENT_ASSET_PATHS = "\"NearWonders/Preview Content\"";
				ENABLE_PREVIEWS = YES;
				GENERATE_INFOPLIST_FILE = YES;
				"INFOPLIST_KEY_UIApplicationSceneManifest_Generation[sdk=iphoneos*]" = YES;
				"INFOPLIST_KEY_UIApplicationSceneManifest_Generation[sdk=iphonesimulator*]" = YES;
				"INFOPLIST_KEY_UIApplicationSupportsIndirectInputEvents[sdk=iphoneos*]" = YES;
				"INFOPLIST_KEY_UIApplicationSupportsIndirectInputEvents[sdk=iphonesimulator*]" = YES;
				"INFOPLIST_KEY_UILaunchScreen_Generation[sdk=iphoneos*]" = YES;
				"INFOPLIST_KEY_UILaunchScreen_Generation[sdk=iphonesimulator*]" = YES;
				"INFOPLIST_KEY_UIStatusBarStyle[sdk=iphoneos*]" = UIStatusBarStyleDefault;
				"INFOPLIST_KEY_UIStatusBarStyle[sdk=iphonesimulator*]" = UIStatusBarStyleDefault;
				INFOPLIST_KEY_UISupportedInterfaceOrientations_iPad = "UIInterfaceOrientationPortrait UIInterfaceOrientationPortraitUpsideDown UIInterfaceOrientationLandscapeLeft UIInterfaceOrientationLandscapeRight";
				INFOPLIST_KEY_UISupportedInterfaceOrientations_iPhone = "UIInterfaceOrientationPortrait UIInterfaceOrientationLandscapeLeft UIInterfaceOrientationLandscapeRight";
				IPHONEOS_DEPLOYMENT_TARGET = 17.2;
				LD_RUNPATH_SEARCH_PATHS = "@executable_path/Frameworks";
				"LD_RUNPATH_SEARCH_PATHS[sdk=macosx*]" = "@executable_path/../Frameworks";
				MACOSX_DEPLOYMENT_TARGET = 14.2;
				MARKETING_VERSION = 1.0;
				PRODUCT_BUNDLE_IDENTIFIER = zephyr.NearWonders;
				PRODUCT_NAME = "$(TARGET_NAME)";
				SDKROOT = auto;
				SUPPORTED_PLATFORMS = "iphoneos iphonesimulator macosx";
				SWIFT_EMIT_LOC_STRINGS = YES;
				SWIFT_VERSION = 5.0;
				TARGETED_DEVICE_FAMILY = "1,2";
			};
			name = Debug;
		};
		692E0E332B2F552200EB65AD /* Release */ = {
			isa = XCBuildConfiguration;
			buildSettings = {
				ASSETCATALOG_COMPILER_APPICON_NAME = AppIcon;
				ASSETCATALOG_COMPILER_GLOBAL_ACCENT_COLOR_NAME = AccentColor;
				CODE_SIGN_ENTITLEMENTS = NearWonders/NearWonders.entitlements;
				CODE_SIGN_STYLE = Automatic;
				CURRENT_PROJECT_VERSION = 1;
				DEVELOPMENT_ASSET_PATHS = "\"NearWonders/Preview Content\"";
				ENABLE_PREVIEWS = YES;
				GENERATE_INFOPLIST_FILE = YES;
				"INFOPLIST_KEY_UIApplicationSceneManifest_Generation[sdk=iphoneos*]" = YES;
				"INFOPLIST_KEY_UIApplicationSceneManifest_Generation[sdk=iphonesimulator*]" = YES;
				"INFOPLIST_KEY_UIApplicationSupportsIndirectInputEvents[sdk=iphoneos*]" = YES;
				"INFOPLIST_KEY_UIApplicationSupportsIndirectInputEvents[sdk=iphonesimulator*]" = YES;
				"INFOPLIST_KEY_UILaunchScreen_Generation[sdk=iphoneos*]" = YES;
				"INFOPLIST_KEY_UILaunchScreen_Generation[sdk=iphonesimulator*]" = YES;
				"INFOPLIST_KEY_UIStatusBarStyle[sdk=iphoneos*]" = UIStatusBarStyleDefault;
				"INFOPLIST_KEY_UIStatusBarStyle[sdk=iphonesimulator*]" = UIStatusBarStyleDefault;
				INFOPLIST_KEY_UISupportedInterfaceOrientations_iPad = "UIInterfaceOrientationPortrait UIInterfaceOrientationPortraitUpsideDown UIInterfaceOrientationLandscapeLeft UIInterfaceOrientationLandscapeRight";
				INFOPLIST_KEY_UISupportedInterfaceOrientations_iPhone = "UIInterfaceOrientationPortrait UIInterfaceOrientationLandscapeLeft UIInterfaceOrientationLandscapeRight";
				IPHONEOS_DEPLOYMENT_TARGET = 17.2;
				LD_RUNPATH_SEARCH_PATHS = "@executable_path/Frameworks";
				"LD_RUNPATH_SEARCH_PATHS[sdk=macosx*]" = "@executable_path/../Frameworks";
				MACOSX_DEPLOYMENT_TARGET = 14.2;
				MARKETING_VERSION = 1.0;
				PRODUCT_BUNDLE_IDENTIFIER = zephyr.NearWonders;
				PRODUCT_NAME = "$(TARGET_NAME)";
				SDKROOT = auto;
				SUPPORTED_PLATFORMS = "iphoneos iphonesimulator macosx";
				SWIFT_EMIT_LOC_STRINGS = YES;
				SWIFT_VERSION = 5.0;
				TARGETED_DEVICE_FAMILY = "1,2";
			};
			name = Release;
		};
		692E0E352B2F552200EB65AD /* Debug */ = {
			isa = XCBuildConfiguration;
			buildSettings = {
				ALWAYS_EMBED_SWIFT_STANDARD_LIBRARIES = YES;
				BUNDLE_LOADER = "$(TEST_HOST)";
				CODE_SIGN_STYLE = Automatic;
				CURRENT_PROJECT_VERSION = 1;
				GENERATE_INFOPLIST_FILE = YES;
				IPHONEOS_DEPLOYMENT_TARGET = 17.2;
				MACOSX_DEPLOYMENT_TARGET = 14.2;
				MARKETING_VERSION = 1.0;
				PRODUCT_BUNDLE_IDENTIFIER = zephyr.NearWondersTests;
				PRODUCT_NAME = "$(TARGET_NAME)";
				SDKROOT = auto;
				SUPPORTED_PLATFORMS = "iphoneos iphonesimulator macosx";
				SWIFT_EMIT_LOC_STRINGS = NO;
				SWIFT_VERSION = 5.0;
				TARGETED_DEVICE_FAMILY = "1,2";
				TEST_HOST = "$(BUILT_PRODUCTS_DIR)/NearWonders.app/$(BUNDLE_EXECUTABLE_FOLDER_PATH)/NearWonders";
			};
			name = Debug;
		};
		692E0E362B2F552200EB65AD /* Release */ = {
			isa = XCBuildConfiguration;
			buildSettings = {
				ALWAYS_EMBED_SWIFT_STANDARD_LIBRARIES = YES;
				BUNDLE_LOADER = "$(TEST_HOST)";
				CODE_SIGN_STYLE = Automatic;
				CURRENT_PROJECT_VERSION = 1;
				GENERATE_INFOPLIST_FILE = YES;
				IPHONEOS_DEPLOYMENT_TARGET = 17.2;
				MACOSX_DEPLOYMENT_TARGET = 14.2;
				MARKETING_VERSION = 1.0;
				PRODUCT_BUNDLE_IDENTIFIER = zephyr.NearWondersTests;
				PRODUCT_NAME = "$(TARGET_NAME)";
				SDKROOT = auto;
				SUPPORTED_PLATFORMS = "iphoneos iphonesimulator macosx";
				SWIFT_EMIT_LOC_STRINGS = NO;
				SWIFT_VERSION = 5.0;
				TARGETED_DEVICE_FAMILY = "1,2";
				TEST_HOST = "$(BUILT_PRODUCTS_DIR)/NearWonders.app/$(BUNDLE_EXECUTABLE_FOLDER_PATH)/NearWonders";
			};
			name = Release;
		};
		692E0E382B2F552200EB65AD /* Debug */ = {
			isa = XCBuildConfiguration;
			buildSettings = {
				ALWAYS_EMBED_SWIFT_STANDARD_LIBRARIES = YES;
				CODE_SIGN_STYLE = Automatic;
				CURRENT_PROJECT_VERSION = 1;
				GENERATE_INFOPLIST_FILE = YES;
				IPHONEOS_DEPLOYMENT_TARGET = 17.2;
				MACOSX_DEPLOYMENT_TARGET = 14.2;
				MARKETING_VERSION = 1.0;
				PRODUCT_BUNDLE_IDENTIFIER = zephyr.NearWondersUITests;
				PRODUCT_NAME = "$(TARGET_NAME)";
				SDKROOT = auto;
				SUPPORTED_PLATFORMS = "iphoneos iphonesimulator macosx";
				SWIFT_EMIT_LOC_STRINGS = NO;
				SWIFT_VERSION = 5.0;
				TARGETED_DEVICE_FAMILY = "1,2";
				TEST_TARGET_NAME = NearWonders;
			};
			name = Debug;
		};
		692E0E392B2F552200EB65AD /* Release */ = {
			isa = XCBuildConfiguration;
			buildSettings = {
				ALWAYS_EMBED_SWIFT_STANDARD_LIBRARIES = YES;
				CODE_SIGN_STYLE = Automatic;
				CURRENT_PROJECT_VERSION = 1;
				GENERATE_INFOPLIST_FILE = YES;
				IPHONEOS_DEPLOYMENT_TARGET = 17.2;
				MACOSX_DEPLOYMENT_TARGET = 14.2;
				MARKETING_VERSION = 1.0;
				PRODUCT_BUNDLE_IDENTIFIER = zephyr.NearWondersUITests;
				PRODUCT_NAME = "$(TARGET_NAME)";
				SDKROOT = auto;
				SUPPORTED_PLATFORMS = "iphoneos iphonesimulator macosx";
				SWIFT_EMIT_LOC_STRINGS = NO;
				SWIFT_VERSION = 5.0;
				TARGETED_DEVICE_FAMILY = "1,2";
				TEST_TARGET_NAME = NearWonders;
			};
			name = Release;
		};
/* End XCBuildConfiguration section */

/* Begin XCConfigurationList section */
		692E0E072B2F552100EB65AD /* Build configuration list for PBXProject "NearWonders" */ = {
			isa = XCConfigurationList;
			buildConfigurations = (
				692E0E2F2B2F552200EB65AD /* Debug */,
				692E0E302B2F552200EB65AD /* Release */,
			);
			defaultConfigurationIsVisible = 0;
			defaultConfigurationName = Release;
		};
		692E0E312B2F552200EB65AD /* Build configuration list for PBXNativeTarget "NearWonders" */ = {
			isa = XCConfigurationList;
			buildConfigurations = (
				692E0E322B2F552200EB65AD /* Debug */,
				692E0E332B2F552200EB65AD /* Release */,
			);
			defaultConfigurationIsVisible = 0;
			defaultConfigurationName = Release;
		};
		692E0E342B2F552200EB65AD /* Build configuration list for PBXNativeTarget "NearWondersTests" */ = {
			isa = XCConfigurationList;
			buildConfigurations = (
				692E0E352B2F552200EB65AD /* Debug */,
				692E0E362B2F552200EB65AD /* Release */,
			);
			defaultConfigurationIsVisible = 0;
			defaultConfigurationName = Release;
		};
		692E0E372B2F552200EB65AD /* Build configuration list for PBXNativeTarget "NearWondersUITests" */ = {
			isa = XCConfigurationList;
			buildConfigurations = (
				692E0E382B2F552200EB65AD /* Debug */,
				692E0E392B2F552200EB65AD /* Release */,
			);
			defaultConfigurationIsVisible = 0;
			defaultConfigurationName = Release;
		};
/* End XCConfigurationList section */
	};
	rootObject = 692E0E042B2F552100EB65AD /* Project object */;
}
