// !$*UTF8*$!
{
	archiveVersion = 1;
	classes = {
	};
	objectVersion = 56;
	objects = {

/* Begin PBXBuildFile section */
		6914C7762B315EA7002C4696 /* LocationActivity.swift in Sources */ = {isa = PBXBuildFile; fileRef = 6914C7752B315EA7002C4696 /* LocationActivity.swift */; };
		6914C7782B315F13002C4696 /* Location.swift in Sources */ = {isa = PBXBuildFile; fileRef = 6914C7772B315F13002C4696 /* Location.swift */; };
		6914C77A2B31698F002C4696 /* ScrollableTabBar.swift in Sources */ = {isa = PBXBuildFile; fileRef = 6914C7792B31698F002C4696 /* ScrollableTabBar.swift */; };
		6914C77D2B316C1A002C4696 /* NewUserActivityScreen.swift in Sources */ = {isa = PBXBuildFile; fileRef = 6914C77C2B316C1A002C4696 /* NewUserActivityScreen.swift */; };
		6914C77F2B317375002C4696 /* ImagePreview.swift in Sources */ = {isa = PBXBuildFile; fileRef = 6914C77E2B317375002C4696 /* ImagePreview.swift */; };
		6914C7812B318124002C4696 /* SelectableTag.swift in Sources */ = {isa = PBXBuildFile; fileRef = 6914C7802B318124002C4696 /* SelectableTag.swift */; };
		6914C7832B318F8B002C4696 /* View.swift in Sources */ = {isa = PBXBuildFile; fileRef = 6914C7822B318F8B002C4696 /* View.swift */; };
		6914C7852B319405002C4696 /* Season.swift in Sources */ = {isa = PBXBuildFile; fileRef = 6914C7842B319405002C4696 /* Season.swift */; };
		692E0E102B2F552100EB65AD /* NearWondersApp.swift in Sources */ = {isa = PBXBuildFile; fileRef = 692E0E0F2B2F552100EB65AD /* NearWondersApp.swift */; };
		692E0E142B2F552200EB65AD /* Assets.xcassets in Resources */ = {isa = PBXBuildFile; fileRef = 692E0E132B2F552200EB65AD /* Assets.xcassets */; };
		692E0E182B2F552200EB65AD /* Preview Assets.xcassets in Resources */ = {isa = PBXBuildFile; fileRef = 692E0E172B2F552200EB65AD /* Preview Assets.xcassets */; };
		692E0E222B2F552200EB65AD /* NearWondersTests.swift in Sources */ = {isa = PBXBuildFile; fileRef = 692E0E212B2F552200EB65AD /* NearWondersTests.swift */; };
		692E0E2C2B2F552200EB65AD /* NearWondersUITests.swift in Sources */ = {isa = PBXBuildFile; fileRef = 692E0E2B2B2F552200EB65AD /* NearWondersUITests.swift */; };
		692E0E2E2B2F552200EB65AD /* NearWondersUITestsLaunchTests.swift in Sources */ = {isa = PBXBuildFile; fileRef = 692E0E2D2B2F552200EB65AD /* NearWondersUITestsLaunchTests.swift */; };
		692E0E3D2B2F57C500EB65AD /* LoginScreen.swift in Sources */ = {isa = PBXBuildFile; fileRef = 692E0E3C2B2F57C500EB65AD /* LoginScreen.swift */; };
		692E0E3F2B2F5E3300EB65AD /* HomeScreen.swift in Sources */ = {isa = PBXBuildFile; fileRef = 692E0E3E2B2F5E3300EB65AD /* HomeScreen.swift */; };
		692E0E432B2F5E8900EB65AD /* MapScreen.swift in Sources */ = {isa = PBXBuildFile; fileRef = 692E0E422B2F5E8900EB65AD /* MapScreen.swift */; };
		692E0E452B2F5EA600EB65AD /* FeedScreen.swift in Sources */ = {isa = PBXBuildFile; fileRef = 692E0E442B2F5EA600EB65AD /* FeedScreen.swift */; };
		692E0E472B2F60A500EB65AD /* FeedCard.swift in Sources */ = {isa = PBXBuildFile; fileRef = 692E0E462B2F60A500EB65AD /* FeedCard.swift */; };
		697066482B32B7130042431E /* NewLocationScreen.swift in Sources */ = {isa = PBXBuildFile; fileRef = 697066472B32B7130042431E /* NewLocationScreen.swift */; };
		699D99F72B3C59EE00B8879C /* LocationManager.swift in Sources */ = {isa = PBXBuildFile; fileRef = 699D99F62B3C59EE00B8879C /* LocationManager.swift */; };
		69AD120F2B307D7C00C8594D /* MockData.swift in Sources */ = {isa = PBXBuildFile; fileRef = 69AD120E2B307D7C00C8594D /* MockData.swift */; };
		69AD12112B307DB400C8594D /* Gender.swift in Sources */ = {isa = PBXBuildFile; fileRef = 69AD12102B307DB400C8594D /* Gender.swift */; };
		69B165DC2B3029F70083F82F /* Activity.swift in Sources */ = {isa = PBXBuildFile; fileRef = 69B165DA2B3029F70083F82F /* Activity.swift */; };
		69B165DD2B3029F70083F82F /* User.swift in Sources */ = {isa = PBXBuildFile; fileRef = 69B165DB2B3029F70083F82F /* User.swift */; };
		69B165E72B303A030083F82F /* ActivityTag.swift in Sources */ = {isa = PBXBuildFile; fileRef = 69B165E62B303A030083F82F /* ActivityTag.swift */; };
		69B165F42B304C120083F82F /* Color.swift in Sources */ = {isa = PBXBuildFile; fileRef = 69B165F32B304C120083F82F /* Color.swift */; };
/* End PBXBuildFile section */

/* Begin PBXContainerItemProxy section */
		692E0E1E2B2F552200EB65AD /* PBXContainerItemProxy */ = {
			isa = PBXContainerItemProxy;
			containerPortal = 692E0E042B2F552100EB65AD /* Project object */;
			proxyType = 1;
			remoteGlobalIDString = 692E0E0B2B2F552100EB65AD;
			remoteInfo = NearWonders;
		};
		692E0E282B2F552200EB65AD /* PBXContainerItemProxy */ = {
			isa = PBXContainerItemProxy;
			containerPortal = 692E0E042B2F552100EB65AD /* Project object */;
			proxyType = 1;
			remoteGlobalIDString = 692E0E0B2B2F552100EB65AD;
			remoteInfo = NearWonders;
		};
/* End PBXContainerItemProxy section */

/* Begin PBXFileReference section */
		6914C7752B315EA7002C4696 /* LocationActivity.swift */ = {isa = PBXFileReference; lastKnownFileType = sourcecode.swift; path = LocationActivity.swift; sourceTree = "<group>"; };
		6914C7772B315F13002C4696 /* Location.swift */ = {isa = PBXFileReference; lastKnownFileType = sourcecode.swift; path = Location.swift; sourceTree = "<group>"; };
		6914C7792B31698F002C4696 /* ScrollableTabBar.swift */ = {isa = PBXFileReference; lastKnownFileType = sourcecode.swift; path = ScrollableTabBar.swift; sourceTree = "<group>"; };
		6914C77C2B316C1A002C4696 /* NewUserActivityScreen.swift */ = {isa = PBXFileReference; lastKnownFileType = sourcecode.swift; path = NewUserActivityScreen.swift; sourceTree = "<group>"; };
		6914C77E2B317375002C4696 /* ImagePreview.swift */ = {isa = PBXFileReference; lastKnownFileType = sourcecode.swift; path = ImagePreview.swift; sourceTree = "<group>"; };
		6914C7802B318124002C4696 /* SelectableTag.swift */ = {isa = PBXFileReference; lastKnownFileType = sourcecode.swift; path = SelectableTag.swift; sourceTree = "<group>"; };
		6914C7822B318F8B002C4696 /* View.swift */ = {isa = PBXFileReference; lastKnownFileType = sourcecode.swift; path = View.swift; sourceTree = "<group>"; };
		6914C7842B319405002C4696 /* Season.swift */ = {isa = PBXFileReference; lastKnownFileType = sourcecode.swift; path = Season.swift; sourceTree = "<group>"; };
		692E0E0C2B2F552100EB65AD /* NearWonders.app */ = {isa = PBXFileReference; explicitFileType = wrapper.application; includeInIndex = 0; path = NearWonders.app; sourceTree = BUILT_PRODUCTS_DIR; };
		692E0E0F2B2F552100EB65AD /* NearWondersApp.swift */ = {isa = PBXFileReference; lastKnownFileType = sourcecode.swift; path = NearWondersApp.swift; sourceTree = "<group>"; };
		692E0E132B2F552200EB65AD /* Assets.xcassets */ = {isa = PBXFileReference; lastKnownFileType = folder.assetcatalog; path = Assets.xcassets; sourceTree = "<group>"; };
		692E0E152B2F552200EB65AD /* NearWonders.entitlements */ = {isa = PBXFileReference; lastKnownFileType = text.plist.entitlements; path = NearWonders.entitlements; sourceTree = "<group>"; };
		692E0E172B2F552200EB65AD /* Preview Assets.xcassets */ = {isa = PBXFileReference; lastKnownFileType = folder.assetcatalog; path = "Preview Assets.xcassets"; sourceTree = "<group>"; };
		692E0E1D2B2F552200EB65AD /* NearWondersTests.xctest */ = {isa = PBXFileReference; explicitFileType = wrapper.cfbundle; includeInIndex = 0; path = NearWondersTests.xctest; sourceTree = BUILT_PRODUCTS_DIR; };
		692E0E212B2F552200EB65AD /* NearWondersTests.swift */ = {isa = PBXFileReference; lastKnownFileType = sourcecode.swift; path = NearWondersTests.swift; sourceTree = "<group>"; };
		692E0E272B2F552200EB65AD /* NearWondersUITests.xctest */ = {isa = PBXFileReference; explicitFileType = wrapper.cfbundle; includeInIndex = 0; path = NearWondersUITests.xctest; sourceTree = BUILT_PRODUCTS_DIR; };
		692E0E2B2B2F552200EB65AD /* NearWondersUITests.swift */ = {isa = PBXFileReference; lastKnownFileType = sourcecode.swift; path = NearWondersUITests.swift; sourceTree = "<group>"; };
		692E0E2D2B2F552200EB65AD /* NearWondersUITestsLaunchTests.swift */ = {isa = PBXFileReference; lastKnownFileType = sourcecode.swift; path = NearWondersUITestsLaunchTests.swift; sourceTree = "<group>"; };
		692E0E3C2B2F57C500EB65AD /* LoginScreen.swift */ = {isa = PBXFileReference; lastKnownFileType = sourcecode.swift; path = LoginScreen.swift; sourceTree = "<group>"; };
		692E0E3E2B2F5E3300EB65AD /* HomeScreen.swift */ = {isa = PBXFileReference; lastKnownFileType = sourcecode.swift; path = HomeScreen.swift; sourceTree = "<group>"; };
		692E0E422B2F5E8900EB65AD /* MapScreen.swift */ = {isa = PBXFileReference; lastKnownFileType = sourcecode.swift; path = MapScreen.swift; sourceTree = "<group>"; };
		692E0E442B2F5EA600EB65AD /* FeedScreen.swift */ = {isa = PBXFileReference; fileEncoding = 4; lastKnownFileType = sourcecode.swift; path = FeedScreen.swift; sourceTree = "<group>"; };
		692E0E462B2F60A500EB65AD /* FeedCard.swift */ = {isa = PBXFileReference; lastKnownFileType = sourcecode.swift; path = FeedCard.swift; sourceTree = "<group>"; };
		697066472B32B7130042431E /* NewLocationScreen.swift */ = {isa = PBXFileReference; lastKnownFileType = sourcecode.swift; path = NewLocationScreen.swift; sourceTree = "<group>"; };
		699D99F62B3C59EE00B8879C /* LocationManager.swift */ = {isa = PBXFileReference; lastKnownFileType = sourcecode.swift; path = LocationManager.swift; sourceTree = "<group>"; };
		699D99F82B3C62BB00B8879C /* Info.plist */ = {isa = PBXFileReference; lastKnownFileType = text.plist; path = Info.plist; sourceTree = "<group>"; };
		69AD120E2B307D7C00C8594D /* MockData.swift */ = {isa = PBXFileReference; lastKnownFileType = sourcecode.swift; path = MockData.swift; sourceTree = "<group>"; };
		69AD12102B307DB400C8594D /* Gender.swift */ = {isa = PBXFileReference; lastKnownFileType = sourcecode.swift; path = Gender.swift; sourceTree = "<group>"; };
		69B165DA2B3029F70083F82F /* Activity.swift */ = {isa = PBXFileReference; fileEncoding = 4; lastKnownFileType = sourcecode.swift; path = Activity.swift; sourceTree = "<group>"; };
		69B165DB2B3029F70083F82F /* User.swift */ = {isa = PBXFileReference; fileEncoding = 4; lastKnownFileType = sourcecode.swift; path = User.swift; sourceTree = "<group>"; };
		69B165E62B303A030083F82F /* ActivityTag.swift */ = {isa = PBXFileReference; lastKnownFileType = sourcecode.swift; path = ActivityTag.swift; sourceTree = "<group>"; };
		69B165F32B304C120083F82F /* Color.swift */ = {isa = PBXFileReference; fileEncoding = 4; lastKnownFileType = sourcecode.swift; path = Color.swift; sourceTree = "<group>"; };
/* End PBXFileReference section */

/* Begin PBXFrameworksBuildPhase section */
		692E0E092B2F552100EB65AD /* Frameworks */ = {
			isa = PBXFrameworksBuildPhase;
			buildActionMask = 2147483647;
			files = (
			);
			runOnlyForDeploymentPostprocessing = 0;
		};
		692E0E1A2B2F552200EB65AD /* Frameworks */ = {
			isa = PBXFrameworksBuildPhase;
			buildActionMask = 2147483647;
			files = (
			);
			runOnlyForDeploymentPostprocessing = 0;
		};
		692E0E242B2F552200EB65AD /* Frameworks */ = {
			isa = PBXFrameworksBuildPhase;
			buildActionMask = 2147483647;
			files = (
			);
			runOnlyForDeploymentPostprocessing = 0;
		};
/* End PBXFrameworksBuildPhase section */

/* Begin PBXGroup section */
		6914C77B2B316BE3002C4696 /* NewUserActivity */ = {
			isa = PBXGroup;
			children = (
				6970663A2B32000B0042431E /* Views */,
				697066362B31FFEF0042431E /* ViewModels */,
			);
			path = NewUserActivity;
			sourceTree = "<group>";
		};
		692E0E032B2F552100EB65AD = {
			isa = PBXGroup;
			children = (
				692E0E0E2B2F552100EB65AD /* NearWonders */,
				692E0E202B2F552200EB65AD /* NearWondersTests */,
				692E0E2A2B2F552200EB65AD /* NearWondersUITests */,
				692E0E0D2B2F552100EB65AD /* Products */,
			);
			sourceTree = "<group>";
		};
		692E0E0D2B2F552100EB65AD /* Products */ = {
			isa = PBXGroup;
			children = (
				692E0E0C2B2F552100EB65AD /* NearWonders.app */,
				692E0E1D2B2F552200EB65AD /* NearWondersTests.xctest */,
				692E0E272B2F552200EB65AD /* NearWondersUITests.xctest */,
			);
			name = Products;
			sourceTree = "<group>";
		};
		692E0E0E2B2F552100EB65AD /* NearWonders */ = {
			isa = PBXGroup;
			children = (
				699D99F82B3C62BB00B8879C /* Info.plist */,
				699D99F52B3C59DF00B8879C /* Utils */,
				69AD120D2B307D7100C8594D /* Constants */,
				69B165EE2B304B860083F82F /* Extensions */,
				697066352B31FFBA0042431E /* Data */,
				697066342B31FFAF0042431E /* Domain */,
				69B165EF2B304B9A0083F82F /* Presentation */,
				692E0E0F2B2F552100EB65AD /* NearWondersApp.swift */,
				692E0E132B2F552200EB65AD /* Assets.xcassets */,
				692E0E152B2F552200EB65AD /* NearWonders.entitlements */,
				692E0E162B2F552200EB65AD /* Preview Content */,
			);
			path = NearWonders;
			sourceTree = "<group>";
		};
		692E0E162B2F552200EB65AD /* Preview Content */ = {
			isa = PBXGroup;
			children = (
				692E0E172B2F552200EB65AD /* Preview Assets.xcassets */,
			);
			path = "Preview Content";
			sourceTree = "<group>";
		};
		692E0E202B2F552200EB65AD /* NearWondersTests */ = {
			isa = PBXGroup;
			children = (
				692E0E212B2F552200EB65AD /* NearWondersTests.swift */,
			);
			path = NearWondersTests;
			sourceTree = "<group>";
		};
		692E0E2A2B2F552200EB65AD /* NearWondersUITests */ = {
			isa = PBXGroup;
			children = (
				692E0E2B2B2F552200EB65AD /* NearWondersUITests.swift */,
				692E0E2D2B2F552200EB65AD /* NearWondersUITestsLaunchTests.swift */,
			);
			path = NearWondersUITests;
			sourceTree = "<group>";
		};
		697066342B31FFAF0042431E /* Domain */ = {
			isa = PBXGroup;
			children = (
				6970663F2B3201240042431E /* UseCases */,
				6970663E2B32010E0042431E /* Entities */,
			);
			path = Domain;
			sourceTree = "<group>";
		};
		697066352B31FFBA0042431E /* Data */ = {
			isa = PBXGroup;
			children = (
				697066432B3205140042431E /* DataSources */,
				697066412B3204CC0042431E /* Repositories */,
			);
			path = Data;
			sourceTree = "<group>";
		};
		697066362B31FFEF0042431E /* ViewModels */ = {
			isa = PBXGroup;
			children = (
			);
			path = ViewModels;
			sourceTree = "<group>";
		};
		697066372B31FFF40042431E /* ViewModels */ = {
			isa = PBXGroup;
			children = (
			);
			path = ViewModels;
			sourceTree = "<group>";
		};
		697066382B31FFFB0042431E /* ViewModels */ = {
			isa = PBXGroup;
			children = (
			);
			path = ViewModels;
			sourceTree = "<group>";
		};
		697066392B3200010042431E /* ViewModels */ = {
			isa = PBXGroup;
			children = (
			);
			path = ViewModels;
			sourceTree = "<group>";
		};
		6970663A2B32000B0042431E /* Views */ = {
			isa = PBXGroup;
			children = (
				6914C77C2B316C1A002C4696 /* NewUserActivityScreen.swift */,
			);
			path = Views;
			sourceTree = "<group>";
		};
		6970663B2B32000F0042431E /* Views */ = {
			isa = PBXGroup;
			children = (
				692E0E3C2B2F57C500EB65AD /* LoginScreen.swift */,
			);
			path = Views;
			sourceTree = "<group>";
		};
		6970663C2B3200150042431E /* Views */ = {
			isa = PBXGroup;
			children = (
				692E0E422B2F5E8900EB65AD /* MapScreen.swift */,
			);
			path = Views;
			sourceTree = "<group>";
		};
		6970663D2B3200190042431E /* Views */ = {
			isa = PBXGroup;
			children = (
				692E0E462B2F60A500EB65AD /* FeedCard.swift */,
				692E0E442B2F5EA600EB65AD /* FeedScreen.swift */,
			);
			path = Views;
			sourceTree = "<group>";
		};
		6970663E2B32010E0042431E /* Entities */ = {
			isa = PBXGroup;
			children = (
				6914C7772B315F13002C4696 /* Location.swift */,
				69B165DA2B3029F70083F82F /* Activity.swift */,
				69B165DB2B3029F70083F82F /* User.swift */,
				69AD12102B307DB400C8594D /* Gender.swift */,
				6914C7752B315EA7002C4696 /* LocationActivity.swift */,
				6914C7842B319405002C4696 /* Season.swift */,
			);
			path = Entities;
			sourceTree = "<group>";
		};
		6970663F2B3201240042431E /* UseCases */ = {
			isa = PBXGroup;
			children = (
			);
			path = UseCases;
			sourceTree = "<group>";
		};
		697066402B3204A50042431E /* Shared */ = {
			isa = PBXGroup;
			children = (
				69B165E52B3039CB0083F82F /* Views */,
			);
			path = Shared;
			sourceTree = "<group>";
		};
		697066412B3204CC0042431E /* Repositories */ = {
			isa = PBXGroup;
			children = (
			);
			path = Repositories;
			sourceTree = "<group>";
		};
		697066432B3205140042431E /* DataSources */ = {
			isa = PBXGroup;
			children = (
			);
			path = DataSources;
			sourceTree = "<group>";
		};
		697066442B32B6E90042431E /* NewLocation */ = {
			isa = PBXGroup;
			children = (
				697066462B32B6FE0042431E /* ViewModels */,
				697066452B32B6F90042431E /* Views */,
			);
			path = NewLocation;
			sourceTree = "<group>";
		};
		697066452B32B6F90042431E /* Views */ = {
			isa = PBXGroup;
			children = (
				697066472B32B7130042431E /* NewLocationScreen.swift */,
			);
			path = Views;
			sourceTree = "<group>";
		};
		697066462B32B6FE0042431E /* ViewModels */ = {
			isa = PBXGroup;
			children = (
			);
			path = ViewModels;
			sourceTree = "<group>";
		};
		699D99F52B3C59DF00B8879C /* Utils */ = {
			isa = PBXGroup;
			children = (
				699D99F62B3C59EE00B8879C /* LocationManager.swift */,
			);
			path = Utils;
			sourceTree = "<group>";
		};
		69AD120D2B307D7100C8594D /* Constants */ = {
			isa = PBXGroup;
			children = (
				69AD120E2B307D7C00C8594D /* MockData.swift */,
			);
			path = Constants;
			sourceTree = "<group>";
		};
		69B165D82B3029AD0083F82F /* Feed */ = {
			isa = PBXGroup;
			children = (
				6970663D2B3200190042431E /* Views */,
				697066392B3200010042431E /* ViewModels */,
			);
			path = Feed;
			sourceTree = "<group>";
		};
		69B165D92B3029C70083F82F /* Map */ = {
			isa = PBXGroup;
			children = (
				6970663C2B3200150042431E /* Views */,
				697066382B31FFFB0042431E /* ViewModels */,
			);
			path = Map;
			sourceTree = "<group>";
		};
		69B165E52B3039CB0083F82F /* Views */ = {
			isa = PBXGroup;
			children = (
				69B165E62B303A030083F82F /* ActivityTag.swift */,
				6914C7792B31698F002C4696 /* ScrollableTabBar.swift */,
				6914C77E2B317375002C4696 /* ImagePreview.swift */,
				6914C7802B318124002C4696 /* SelectableTag.swift */,
			);
			path = Views;
			sourceTree = "<group>";
		};
		69B165EA2B304B100083F82F /* Features */ = {
			isa = PBXGroup;
			children = (
				697066442B32B6E90042431E /* NewLocation */,
				6914C77B2B316BE3002C4696 /* NewUserActivity */,
				69B165F02B304BC60083F82F /* Login */,
				69B165D92B3029C70083F82F /* Map */,
				69B165D82B3029AD0083F82F /* Feed */,
			);
			path = Features;
			sourceTree = "<group>";
		};
		69B165EE2B304B860083F82F /* Extensions */ = {
			isa = PBXGroup;
			children = (
				69B165F32B304C120083F82F /* Color.swift */,
				6914C7822B318F8B002C4696 /* View.swift */,
			);
			path = Extensions;
			sourceTree = "<group>";
		};
		69B165EF2B304B9A0083F82F /* Presentation */ = {
			isa = PBXGroup;
			children = (
				697066402B3204A50042431E /* Shared */,
				69B165EA2B304B100083F82F /* Features */,
				692E0E3E2B2F5E3300EB65AD /* HomeScreen.swift */,
			);
			path = Presentation;
			sourceTree = "<group>";
		};
		69B165F02B304BC60083F82F /* Login */ = {
			isa = PBXGroup;
			children = (
				6970663B2B32000F0042431E /* Views */,
				697066372B31FFF40042431E /* ViewModels */,
			);
			path = Login;
			sourceTree = "<group>";
		};
/* End PBXGroup section */

/* Begin PBXNativeTarget section */
		692E0E0B2B2F552100EB65AD /* NearWonders */ = {
			isa = PBXNativeTarget;
			buildConfigurationList = 692E0E312B2F552200EB65AD /* Build configuration list for PBXNativeTarget "NearWonders" */;
			buildPhases = (
				692E0E082B2F552100EB65AD /* Sources */,
				692E0E092B2F552100EB65AD /* Frameworks */,
				692E0E0A2B2F552100EB65AD /* Resources */,
			);
			buildRules = (
			);
			dependencies = (
			);
			name = NearWonders;
			packageProductDependencies = (
			);
			productName = NearWonders;
			productReference = 692E0E0C2B2F552100EB65AD /* NearWonders.app */;
			productType = "com.apple.product-type.application";
		};
		692E0E1C2B2F552200EB65AD /* NearWondersTests */ = {
			isa = PBXNativeTarget;
			buildConfigurationList = 692E0E342B2F552200EB65AD /* Build configuration list for PBXNativeTarget "NearWondersTests" */;
			buildPhases = (
				692E0E192B2F552200EB65AD /* Sources */,
				692E0E1A2B2F552200EB65AD /* Frameworks */,
				692E0E1B2B2F552200EB65AD /* Resources */,
			);
			buildRules = (
			);
			dependencies = (
				692E0E1F2B2F552200EB65AD /* PBXTargetDependency */,
			);
			name = NearWondersTests;
			productName = NearWondersTests;
			productReference = 692E0E1D2B2F552200EB65AD /* NearWondersTests.xctest */;
			productType = "com.apple.product-type.bundle.unit-test";
		};
		692E0E262B2F552200EB65AD /* NearWondersUITests */ = {
			isa = PBXNativeTarget;
			buildConfigurationList = 692E0E372B2F552200EB65AD /* Build configuration list for PBXNativeTarget "NearWondersUITests" */;
			buildPhases = (
				692E0E232B2F552200EB65AD /* Sources */,
				692E0E242B2F552200EB65AD /* Frameworks */,
				692E0E252B2F552200EB65AD /* Resources */,
			);
			buildRules = (
			);
			dependencies = (
				692E0E292B2F552200EB65AD /* PBXTargetDependency */,
			);
			name = NearWondersUITests;
			productName = NearWondersUITests;
			productReference = 692E0E272B2F552200EB65AD /* NearWondersUITests.xctest */;
			productType = "com.apple.product-type.bundle.ui-testing";
		};
/* End PBXNativeTarget section */

/* Begin PBXProject section */
		692E0E042B2F552100EB65AD /* Project object */ = {
			isa = PBXProject;
			attributes = {
				BuildIndependentTargetsInParallel = 1;
				LastSwiftUpdateCheck = 1510;
				LastUpgradeCheck = 1510;
				TargetAttributes = {
					692E0E0B2B2F552100EB65AD = {
						CreatedOnToolsVersion = 15.1;
					};
					692E0E1C2B2F552200EB65AD = {
						CreatedOnToolsVersion = 15.1;
						TestTargetID = 692E0E0B2B2F552100EB65AD;
					};
					692E0E262B2F552200EB65AD = {
						CreatedOnToolsVersion = 15.1;
						TestTargetID = 692E0E0B2B2F552100EB65AD;
					};
				};
			};
			buildConfigurationList = 692E0E072B2F552100EB65AD /* Build configuration list for PBXProject "NearWonders" */;
			compatibilityVersion = "Xcode 14.0";
			developmentRegion = en;
			hasScannedForEncodings = 0;
			knownRegions = (
				en,
				Base,
			);
			mainGroup = 692E0E032B2F552100EB65AD;
			packageReferences = (
			);
			productRefGroup = 692E0E0D2B2F552100EB65AD /* Products */;
			projectDirPath = "";
			projectRoot = "";
			targets = (
				692E0E0B2B2F552100EB65AD /* NearWonders */,
				692E0E1C2B2F552200EB65AD /* NearWondersTests */,
				692E0E262B2F552200EB65AD /* NearWondersUITests */,
			);
		};
/* End PBXProject section */

/* Begin PBXResourcesBuildPhase section */
		692E0E0A2B2F552100EB65AD /* Resources */ = {
			isa = PBXResourcesBuildPhase;
			buildActionMask = 2147483647;
			files = (
				692E0E182B2F552200EB65AD /* Preview Assets.xcassets in Resources */,
				692E0E142B2F552200EB65AD /* Assets.xcassets in Resources */,
			);
			runOnlyForDeploymentPostprocessing = 0;
		};
		692E0E1B2B2F552200EB65AD /* Resources */ = {
			isa = PBXResourcesBuildPhase;
			buildActionMask = 2147483647;
			files = (
			);
			runOnlyForDeploymentPostprocessing = 0;
		};
		692E0E252B2F552200EB65AD /* Resources */ = {
			isa = PBXResourcesBuildPhase;
			buildActionMask = 2147483647;
			files = (
			);
			runOnlyForDeploymentPostprocessing = 0;
		};
/* End PBXResourcesBuildPhase section */

/* Begin PBXSourcesBuildPhase section */
		692E0E082B2F552100EB65AD /* Sources */ = {
			isa = PBXSourcesBuildPhase;
			buildActionMask = 2147483647;
			files = (
				6914C77D2B316C1A002C4696 /* NewUserActivityScreen.swift in Sources */,
				6914C77A2B31698F002C4696 /* ScrollableTabBar.swift in Sources */,
				69B165DC2B3029F70083F82F /* Activity.swift in Sources */,
				69AD120F2B307D7C00C8594D /* MockData.swift in Sources */,
				6914C7762B315EA7002C4696 /* LocationActivity.swift in Sources */,
				6914C7812B318124002C4696 /* SelectableTag.swift in Sources */,
				692E0E3F2B2F5E3300EB65AD /* HomeScreen.swift in Sources */,
				6914C7782B315F13002C4696 /* Location.swift in Sources */,
				692E0E432B2F5E8900EB65AD /* MapScreen.swift in Sources */,
				69B165F42B304C120083F82F /* Color.swift in Sources */,
				6914C77F2B317375002C4696 /* ImagePreview.swift in Sources */,
				6914C7832B318F8B002C4696 /* View.swift in Sources */,
				692E0E3D2B2F57C500EB65AD /* LoginScreen.swift in Sources */,
				69B165DD2B3029F70083F82F /* User.swift in Sources */,
				699D99F72B3C59EE00B8879C /* LocationManager.swift in Sources */,
				69AD12112B307DB400C8594D /* Gender.swift in Sources */,
				692E0E102B2F552100EB65AD /* NearWondersApp.swift in Sources */,
				692E0E452B2F5EA600EB65AD /* FeedScreen.swift in Sources */,
				69B165E72B303A030083F82F /* ActivityTag.swift in Sources */,
				6914C7852B319405002C4696 /* Season.swift in Sources */,
				692E0E472B2F60A500EB65AD /* FeedCard.swift in Sources */,
				697066482B32B7130042431E /* NewLocationScreen.swift in Sources */,
			);
			runOnlyForDeploymentPostprocessing = 0;
		};
		692E0E192B2F552200EB65AD /* Sources */ = {
			isa = PBXSourcesBuildPhase;
			buildActionMask = 2147483647;
			files = (
				692E0E222B2F552200EB65AD /* NearWondersTests.swift in Sources */,
			);
			runOnlyForDeploymentPostprocessing = 0;
		};
		692E0E232B2F552200EB65AD /* Sources */ = {
			isa = PBXSourcesBuildPhase;
			buildActionMask = 2147483647;
			files = (
				692E0E2C2B2F552200EB65AD /* NearWondersUITests.swift in Sources */,
				692E0E2E2B2F552200EB65AD /* NearWondersUITestsLaunchTests.swift in Sources */,
			);
			runOnlyForDeploymentPostprocessing = 0;
		};
/* End PBXSourcesBuildPhase section */

/* Begin PBXTargetDependency section */
		692E0E1F2B2F552200EB65AD /* PBXTargetDependency */ = {
			isa = PBXTargetDependency;
			target = 692E0E0B2B2F552100EB65AD /* NearWonders */;
			targetProxy = 692E0E1E2B2F552200EB65AD /* PBXContainerItemProxy */;
		};
		692E0E292B2F552200EB65AD /* PBXTargetDependency */ = {
			isa = PBXTargetDependency;
			target = 692E0E0B2B2F552100EB65AD /* NearWonders */;
			targetProxy = 692E0E282B2F552200EB65AD /* PBXContainerItemProxy */;
		};
/* End PBXTargetDependency section */

/* Begin XCBuildConfiguration section */
		692E0E2F2B2F552200EB65AD /* Debug */ = {
			isa = XCBuildConfiguration;
			buildSettings = {
				ALWAYS_SEARCH_USER_PATHS = NO;
				ASSETCATALOG_COMPILER_GENERATE_SWIFT_ASSET_SYMBOL_EXTENSIONS = YES;
				CLANG_ANALYZER_NONNULL = YES;
				CLANG_ANALYZER_NUMBER_OBJECT_CONVERSION = YES_AGGRESSIVE;
				CLANG_CXX_LANGUAGE_STANDARD = "gnu++20";
				CLANG_ENABLE_MODULES = YES;
				CLANG_ENABLE_OBJC_ARC = YES;
				CLANG_ENABLE_OBJC_WEAK = YES;
				CLANG_WARN_BLOCK_CAPTURE_AUTORELEASING = YES;
				CLANG_WARN_BOOL_CONVERSION = YES;
				CLANG_WARN_COMMA = YES;
				CLANG_WARN_CONSTANT_CONVERSION = YES;
				CLANG_WARN_DEPRECATED_OBJC_IMPLEMENTATIONS = YES;
				CLANG_WARN_DIRECT_OBJC_ISA_USAGE = YES_ERROR;
				CLANG_WARN_DOCUMENTATION_COMMENTS = YES;
				CLANG_WARN_EMPTY_BODY = YES;
				CLANG_WARN_ENUM_CONVERSION = YES;
				CLANG_WARN_INFINITE_RECURSION = YES;
				CLANG_WARN_INT_CONVERSION = YES;
				CLANG_WARN_NON_LITERAL_NULL_CONVERSION = YES;
				CLANG_WARN_OBJC_IMPLICIT_RETAIN_SELF = YES;
				CLANG_WARN_OBJC_LITERAL_CONVERSION = YES;
				CLANG_WARN_OBJC_ROOT_CLASS = YES_ERROR;
				CLANG_WARN_QUOTED_INCLUDE_IN_FRAMEWORK_HEADER = YES;
				CLANG_WARN_RANGE_LOOP_ANALYSIS = YES;
				CLANG_WARN_STRICT_PROTOTYPES = YES;
				CLANG_WARN_SUSPICIOUS_MOVE = YES;
				CLANG_WARN_UNGUARDED_AVAILABILITY = YES_AGGRESSIVE;
				CLANG_WARN_UNREACHABLE_CODE = YES;
				CLANG_WARN__DUPLICATE_METHOD_MATCH = YES;
				COPY_PHASE_STRIP = NO;
				DEBUG_INFORMATION_FORMAT = dwarf;
				ENABLE_STRICT_OBJC_MSGSEND = YES;
				ENABLE_TESTABILITY = YES;
				ENABLE_USER_SCRIPT_SANDBOXING = YES;
				GCC_C_LANGUAGE_STANDARD = gnu17;
				GCC_DYNAMIC_NO_PIC = NO;
				GCC_NO_COMMON_BLOCKS = YES;
				GCC_OPTIMIZATION_LEVEL = 0;
				GCC_PREPROCESSOR_DEFINITIONS = (
					"DEBUG=1",
					"$(inherited)",
				);
				GCC_WARN_64_TO_32_BIT_CONVERSION = YES;
				GCC_WARN_ABOUT_RETURN_TYPE = YES_ERROR;
				GCC_WARN_UNDECLARED_SELECTOR = YES;
				GCC_WARN_UNINITIALIZED_AUTOS = YES_AGGRESSIVE;
				GCC_WARN_UNUSED_FUNCTION = YES;
				GCC_WARN_UNUSED_VARIABLE = YES;
				LOCALIZATION_PREFERS_STRING_CATALOGS = YES;
				MTL_ENABLE_DEBUG_INFO = INCLUDE_SOURCE;
				MTL_FAST_MATH = YES;
				ONLY_ACTIVE_ARCH = YES;
				SWIFT_ACTIVE_COMPILATION_CONDITIONS = "DEBUG $(inherited)";
				SWIFT_OPTIMIZATION_LEVEL = "-Onone";
			};
			name = Debug;
		};
		692E0E302B2F552200EB65AD /* Release */ = {
			isa = XCBuildConfiguration;
			buildSettings = {
				ALWAYS_SEARCH_USER_PATHS = NO;
				ASSETCATALOG_COMPILER_GENERATE_SWIFT_ASSET_SYMBOL_EXTENSIONS = YES;
				CLANG_ANALYZER_NONNULL = YES;
				CLANG_ANALYZER_NUMBER_OBJECT_CONVERSION = YES_AGGRESSIVE;
				CLANG_CXX_LANGUAGE_STANDARD = "gnu++20";
				CLANG_ENABLE_MODULES = YES;
				CLANG_ENABLE_OBJC_ARC = YES;
				CLANG_ENABLE_OBJC_WEAK = YES;
				CLANG_WARN_BLOCK_CAPTURE_AUTORELEASING = YES;
				CLANG_WARN_BOOL_CONVERSION = YES;
				CLANG_WARN_COMMA = YES;
				CLANG_WARN_CONSTANT_CONVERSION = YES;
				CLANG_WARN_DEPRECATED_OBJC_IMPLEMENTATIONS = YES;
				CLANG_WARN_DIRECT_OBJC_ISA_USAGE = YES_ERROR;
				CLANG_WARN_DOCUMENTATION_COMMENTS = YES;
				CLANG_WARN_EMPTY_BODY = YES;
				CLANG_WARN_ENUM_CONVERSION = YES;
				CLANG_WARN_INFINITE_RECURSION = YES;
				CLANG_WARN_INT_CONVERSION = YES;
				CLANG_WARN_NON_LITERAL_NULL_CONVERSION = YES;
				CLANG_WARN_OBJC_IMPLICIT_RETAIN_SELF = YES;
				CLANG_WARN_OBJC_LITERAL_CONVERSION = YES;
				CLANG_WARN_OBJC_ROOT_CLASS = YES_ERROR;
				CLANG_WARN_QUOTED_INCLUDE_IN_FRAMEWORK_HEADER = YES;
				CLANG_WARN_RANGE_LOOP_ANALYSIS = YES;
				CLANG_WARN_STRICT_PROTOTYPES = YES;
				CLANG_WARN_SUSPICIOUS_MOVE = YES;
				CLANG_WARN_UNGUARDED_AVAILABILITY = YES_AGGRESSIVE;
				CLANG_WARN_UNREACHABLE_CODE = YES;
				CLANG_WARN__DUPLICATE_METHOD_MATCH = YES;
				COPY_PHASE_STRIP = NO;
				DEBUG_INFORMATION_FORMAT = "dwarf-with-dsym";
				ENABLE_NS_ASSERTIONS = NO;
				ENABLE_STRICT_OBJC_MSGSEND = YES;
				ENABLE_USER_SCRIPT_SANDBOXING = YES;
				GCC_C_LANGUAGE_STANDARD = gnu17;
				GCC_NO_COMMON_BLOCKS = YES;
				GCC_WARN_64_TO_32_BIT_CONVERSION = YES;
				GCC_WARN_ABOUT_RETURN_TYPE = YES_ERROR;
				GCC_WARN_UNDECLARED_SELECTOR = YES;
				GCC_WARN_UNINITIALIZED_AUTOS = YES_AGGRESSIVE;
				GCC_WARN_UNUSED_FUNCTION = YES;
				GCC_WARN_UNUSED_VARIABLE = YES;
				LOCALIZATION_PREFERS_STRING_CATALOGS = YES;
				MTL_ENABLE_DEBUG_INFO = NO;
				MTL_FAST_MATH = YES;
				SWIFT_COMPILATION_MODE = wholemodule;
			};
			name = Release;
		};
		692E0E322B2F552200EB65AD /* Debug */ = {
			isa = XCBuildConfiguration;
			buildSettings = {
				ASSETCATALOG_COMPILER_APPICON_NAME = AppIcon;
				ASSETCATALOG_COMPILER_GLOBAL_ACCENT_COLOR_NAME = AccentColor;
				CODE_SIGN_ENTITLEMENTS = NearWonders/NearWonders.entitlements;
				CODE_SIGN_STYLE = Automatic;
				CURRENT_PROJECT_VERSION = 1;
				DEVELOPMENT_ASSET_PATHS = "\"NearWonders/Preview Content\"";
				DEVELOPMENT_TEAM = XM7628949A;
				ENABLE_PREVIEWS = YES;
				GENERATE_INFOPLIST_FILE = YES;
				INFOPLIST_FILE = NearWonders/Info.plist;
				"INFOPLIST_KEY_UIApplicationSceneManifest_Generation[sdk=iphoneos*]" = YES;
				"INFOPLIST_KEY_UIApplicationSceneManifest_Generation[sdk=iphonesimulator*]" = YES;
				"INFOPLIST_KEY_UIApplicationSupportsIndirectInputEvents[sdk=iphoneos*]" = YES;
				"INFOPLIST_KEY_UIApplicationSupportsIndirectInputEvents[sdk=iphonesimulator*]" = YES;
				"INFOPLIST_KEY_UILaunchScreen_Generation[sdk=iphoneos*]" = YES;
				"INFOPLIST_KEY_UILaunchScreen_Generation[sdk=iphonesimulator*]" = YES;
				"INFOPLIST_KEY_UIStatusBarStyle[sdk=iphoneos*]" = UIStatusBarStyleDefault;
				"INFOPLIST_KEY_UIStatusBarStyle[sdk=iphonesimulator*]" = UIStatusBarStyleDefault;
				INFOPLIST_KEY_UISupportedInterfaceOrientations = UIInterfaceOrientationPortrait;
				IPHONEOS_DEPLOYMENT_TARGET = 17.2;
				LD_RUNPATH_SEARCH_PATHS = "@executable_path/Frameworks";
				"LD_RUNPATH_SEARCH_PATHS[sdk=macosx*]" = "@executable_path/../Frameworks";
				MACOSX_DEPLOYMENT_TARGET = 14.2;
				MARKETING_VERSION = 1.0;
				PRODUCT_BUNDLE_IDENTIFIER = "co.zephyr.near-wonders";
				PRODUCT_NAME = "$(TARGET_NAME)";
				SDKROOT = auto;
				SUPPORTED_PLATFORMS = "iphoneos iphonesimulator macosx";
				SWIFT_EMIT_LOC_STRINGS = YES;
				SWIFT_VERSION = 5.0;
				TARGETED_DEVICE_FAMILY = "1,2";
			};
			name = Debug;
		};
		692E0E332B2F552200EB65AD /* Release */ = {
			isa = XCBuildConfiguration;
			buildSettings = {
				ASSETCATALOG_COMPILER_APPICON_NAME = AppIcon;
				ASSETCATALOG_COMPILER_GLOBAL_ACCENT_COLOR_NAME = AccentColor;
				CODE_SIGN_ENTITLEMENTS = NearWonders/NearWonders.entitlements;
				CODE_SIGN_STYLE = Automatic;
				CURRENT_PROJECT_VERSION = 1;
				DEVELOPMENT_ASSET_PATHS = "\"NearWonders/Preview Content\"";
				DEVELOPMENT_TEAM = XM7628949A;
				ENABLE_PREVIEWS = YES;
				GENERATE_INFOPLIST_FILE = YES;
				INFOPLIST_FILE = NearWonders/Info.plist;
				"INFOPLIST_KEY_UIApplicationSceneManifest_Generation[sdk=iphoneos*]" = YES;
				"INFOPLIST_KEY_UIApplicationSceneManifest_Generation[sdk=iphonesimulator*]" = YES;
				"INFOPLIST_KEY_UIApplicationSupportsIndirectInputEvents[sdk=iphoneos*]" = YES;
				"INFOPLIST_KEY_UIApplicationSupportsIndirectInputEvents[sdk=iphonesimulator*]" = YES;
				"INFOPLIST_KEY_UILaunchScreen_Generation[sdk=iphoneos*]" = YES;
				"INFOPLIST_KEY_UILaunchScreen_Generation[sdk=iphonesimulator*]" = YES;
				"INFOPLIST_KEY_UIStatusBarStyle[sdk=iphoneos*]" = UIStatusBarStyleDefault;
				"INFOPLIST_KEY_UIStatusBarStyle[sdk=iphonesimulator*]" = UIStatusBarStyleDefault;
				INFOPLIST_KEY_UISupportedInterfaceOrientations = UIInterfaceOrientationPortrait;
				IPHONEOS_DEPLOYMENT_TARGET = 17.2;
				LD_RUNPATH_SEARCH_PATHS = "@executable_path/Frameworks";
				"LD_RUNPATH_SEARCH_PATHS[sdk=macosx*]" = "@executable_path/../Frameworks";
				MACOSX_DEPLOYMENT_TARGET = 14.2;
				MARKETING_VERSION = 1.0;
				PRODUCT_BUNDLE_IDENTIFIER = "co.zephyr.near-wonders";
				PRODUCT_NAME = "$(TARGET_NAME)";
				SDKROOT = auto;
				SUPPORTED_PLATFORMS = "iphoneos iphonesimulator macosx";
				SWIFT_EMIT_LOC_STRINGS = YES;
				SWIFT_VERSION = 5.0;
				TARGETED_DEVICE_FAMILY = "1,2";
			};
			name = Release;
		};
		692E0E352B2F552200EB65AD /* Debug */ = {
			isa = XCBuildConfiguration;
			buildSettings = {
				ALWAYS_EMBED_SWIFT_STANDARD_LIBRARIES = YES;
				BUNDLE_LOADER = "$(TEST_HOST)";
				CODE_SIGN_STYLE = Automatic;
				CURRENT_PROJECT_VERSION = 1;
				GENERATE_INFOPLIST_FILE = YES;
				IPHONEOS_DEPLOYMENT_TARGET = 17.2;
				MACOSX_DEPLOYMENT_TARGET = 14.2;
				MARKETING_VERSION = 1.0;
				PRODUCT_BUNDLE_IDENTIFIER = zephyr.NearWondersTests;
				PRODUCT_NAME = "$(TARGET_NAME)";
				SDKROOT = auto;
				SUPPORTED_PLATFORMS = "iphoneos iphonesimulator macosx";
				SWIFT_EMIT_LOC_STRINGS = NO;
				SWIFT_VERSION = 5.0;
				TARGETED_DEVICE_FAMILY = "1,2";
				TEST_HOST = "$(BUILT_PRODUCTS_DIR)/NearWonders.app/$(BUNDLE_EXECUTABLE_FOLDER_PATH)/NearWonders";
			};
			name = Debug;
		};
		692E0E362B2F552200EB65AD /* Release */ = {
			isa = XCBuildConfiguration;
			buildSettings = {
				ALWAYS_EMBED_SWIFT_STANDARD_LIBRARIES = YES;
				BUNDLE_LOADER = "$(TEST_HOST)";
				CODE_SIGN_STYLE = Automatic;
				CURRENT_PROJECT_VERSION = 1;
				GENERATE_INFOPLIST_FILE = YES;
				IPHONEOS_DEPLOYMENT_TARGET = 17.2;
				MACOSX_DEPLOYMENT_TARGET = 14.2;
				MARKETING_VERSION = 1.0;
				PRODUCT_BUNDLE_IDENTIFIER = zephyr.NearWondersTests;
				PRODUCT_NAME = "$(TARGET_NAME)";
				SDKROOT = auto;
				SUPPORTED_PLATFORMS = "iphoneos iphonesimulator macosx";
				SWIFT_EMIT_LOC_STRINGS = NO;
				SWIFT_VERSION = 5.0;
				TARGETED_DEVICE_FAMILY = "1,2";
				TEST_HOST = "$(BUILT_PRODUCTS_DIR)/NearWonders.app/$(BUNDLE_EXECUTABLE_FOLDER_PATH)/NearWonders";
			};
			name = Release;
		};
		692E0E382B2F552200EB65AD /* Debug */ = {
			isa = XCBuildConfiguration;
			buildSettings = {
				ALWAYS_EMBED_SWIFT_STANDARD_LIBRARIES = YES;
				CODE_SIGN_STYLE = Automatic;
				CURRENT_PROJECT_VERSION = 1;
				GENERATE_INFOPLIST_FILE = YES;
				IPHONEOS_DEPLOYMENT_TARGET = 17.2;
				MACOSX_DEPLOYMENT_TARGET = 14.2;
				MARKETING_VERSION = 1.0;
				PRODUCT_BUNDLE_IDENTIFIER = zephyr.NearWondersUITests;
				PRODUCT_NAME = "$(TARGET_NAME)";
				SDKROOT = auto;
				SUPPORTED_PLATFORMS = "iphoneos iphonesimulator macosx";
				SWIFT_EMIT_LOC_STRINGS = NO;
				SWIFT_VERSION = 5.0;
				TARGETED_DEVICE_FAMILY = "1,2";
				TEST_TARGET_NAME = NearWonders;
			};
			name = Debug;
		};
		692E0E392B2F552200EB65AD /* Release */ = {
			isa = XCBuildConfiguration;
			buildSettings = {
				ALWAYS_EMBED_SWIFT_STANDARD_LIBRARIES = YES;
				CODE_SIGN_STYLE = Automatic;
				CURRENT_PROJECT_VERSION = 1;
				GENERATE_INFOPLIST_FILE = YES;
				IPHONEOS_DEPLOYMENT_TARGET = 17.2;
				MACOSX_DEPLOYMENT_TARGET = 14.2;
				MARKETING_VERSION = 1.0;
				PRODUCT_BUNDLE_IDENTIFIER = zephyr.NearWondersUITests;
				PRODUCT_NAME = "$(TARGET_NAME)";
				SDKROOT = auto;
				SUPPORTED_PLATFORMS = "iphoneos iphonesimulator macosx";
				SWIFT_EMIT_LOC_STRINGS = NO;
				SWIFT_VERSION = 5.0;
				TARGETED_DEVICE_FAMILY = "1,2";
				TEST_TARGET_NAME = NearWonders;
			};
			name = Release;
		};
/* End XCBuildConfiguration section */

/* Begin XCConfigurationList section */
		692E0E072B2F552100EB65AD /* Build configuration list for PBXProject "NearWonders" */ = {
			isa = XCConfigurationList;
			buildConfigurations = (
				692E0E2F2B2F552200EB65AD /* Debug */,
				692E0E302B2F552200EB65AD /* Release */,
			);
			defaultConfigurationIsVisible = 0;
			defaultConfigurationName = Release;
		};
		692E0E312B2F552200EB65AD /* Build configuration list for PBXNativeTarget "NearWonders" */ = {
			isa = XCConfigurationList;
			buildConfigurations = (
				692E0E322B2F552200EB65AD /* Debug */,
				692E0E332B2F552200EB65AD /* Release */,
			);
			defaultConfigurationIsVisible = 0;
			defaultConfigurationName = Release;
		};
		692E0E342B2F552200EB65AD /* Build configuration list for PBXNativeTarget "NearWondersTests" */ = {
			isa = XCConfigurationList;
			buildConfigurations = (
				692E0E352B2F552200EB65AD /* Debug */,
				692E0E362B2F552200EB65AD /* Release */,
			);
			defaultConfigurationIsVisible = 0;
			defaultConfigurationName = Release;
		};
		692E0E372B2F552200EB65AD /* Build configuration list for PBXNativeTarget "NearWondersUITests" */ = {
			isa = XCConfigurationList;
			buildConfigurations = (
				692E0E382B2F552200EB65AD /* Debug */,
				692E0E392B2F552200EB65AD /* Release */,
			);
			defaultConfigurationIsVisible = 0;
			defaultConfigurationName = Release;
		};
/* End XCConfigurationList section */
	};
	rootObject = 692E0E042B2F552100EB65AD /* Project object */;
}
